
Microsoft Visual Studio Solution File, Format Version 12.00
# Visual Studio Version 17
VisualStudioVersion = 17.3.32922.545
MinimumVisualStudioVersion = 10.0.40219.1
Project("{8BC9CEB8-8B4A-11D0-8D11-00A0C91BC942}") = "Vector", "Task1\Task1.vcxproj", "{DDF92B57-7C04-44DA-B42F-94887BEB6CED}"
EndProject
Project("{8BC9CEB8-8B4A-11D0-8D11-00A0C91BC942}") = "Smart Pointers", "Task2\Task2.vcxproj", "{EEFFE80A-8C2A-48F7-9C31-4CD57C1EC478}"
EndProject
Project("{8BC9CEB8-8B4A-11D0-8D11-00A0C91BC942}") = "Iterator", "Iterator\Iterator.vcxproj", "{4BB3D6C9-2CE8-442F-A681-47B55402E5D9}"
EndProject
Global
	GlobalSection(SolutionConfigurationPlatforms) = preSolution
		Debug|x64 = Debug|x64
		Debug|x86 = Debug|x86
		Release|x64 = Release|x64
		Release|x86 = Release|x86
	EndGlobalSection
	GlobalSection(ProjectConfigurationPlatforms) = postSolution
		{DDF92B57-7C04-44DA-B42F-94887BEB6CED}.Debug|x64.ActiveCfg = Debug|x64
		{DDF92B57-7C04-44DA-B42F-94887BEB6CED}.Debug|x64.Build.0 = Debug|x64
		{DDF92B57-7C04-44DA-B42F-94887BEB6CED}.Debug|x86.ActiveCfg = Debug|Win32
		{DDF92B57-7C04-44DA-B42F-94887BEB6CED}.Debug|x86.Build.0 = Debug|Win32
		{DDF92B57-7C04-44DA-B42F-94887BEB6CED}.Release|x64.ActiveCfg = Release|x64
		{DDF92B57-7C04-44DA-B42F-94887BEB6CED}.Release|x64.Build.0 = Release|x64
		{DDF92B57-7C04-44DA-B42F-94887BEB6CED}.Release|x86.ActiveCfg = Release|Win32
		{DDF92B57-7C04-44DA-B42F-94887BEB6CED}.Release|x86.Build.0 = Release|Win32
		{EEFFE80A-8C2A-48F7-9C31-4CD57C1EC478}.Debug|x64.ActiveCfg = Debug|x64
		{EEFFE80A-8C2A-48F7-9C31-4CD57C1EC478}.Debug|x64.Build.0 = Debug|x64
		{EEFFE80A-8C2A-48F7-9C31-4CD57C1EC478}.Debug|x86.ActiveCfg = Debug|Win32
		{EEFFE80A-8C2A-48F7-9C31-4CD57C1EC478}.Debug|x86.Build.0 = Debug|Win32
		{EEFFE80A-8C2A-48F7-9C31-4CD57C1EC478}.Release|x64.ActiveCfg = Release|x64
		{EEFFE80A-8C2A-48F7-9C31-4CD57C1EC478}.Release|x64.Build.0 = Release|x64
		{EEFFE80A-8C2A-48F7-9C31-4CD57C1EC478}.Release|x86.ActiveCfg = Release|Win32
		{EEFFE80A-8C2A-48F7-9C31-4CD57C1EC478}.Release|x86.Build.0 = Release|Win32
		{4BB3D6C9-2CE8-442F-A681-47B55402E5D9}.Debug|x64.ActiveCfg = Debug|x64
		{4BB3D6C9-2CE8-442F-A681-47B55402E5D9}.Debug|x64.Build.0 = Debug|x64
		{4BB3D6C9-2CE8-442F-A681-47B55402E5D9}.Debug|x86.ActiveCfg = Debug|Win32
		{4BB3D6C9-2CE8-442F-A681-47B55402E5D9}.Debug|x86.Build.0 = Debug|Win32
		{4BB3D6C9-2CE8-442F-A681-47B55402E5D9}.Release|x64.ActiveCfg = Release|x64
		{4BB3D6C9-2CE8-442F-A681-47B55402E5D9}.Release|x64.Build.0 = Release|x64
		{4BB3D6C9-2CE8-442F-A681-47B55402E5D9}.Release|x86.ActiveCfg = Release|Win32
		{4BB3D6C9-2CE8-442F-A681-47B55402E5D9}.Release|x86.Build.0 = Release|Win32
	EndGlobalSection
	GlobalSection(SolutionProperties) = preSolution
		HideSolutionNode = FALSE
	EndGlobalSection
	GlobalSection(ExtensibilityGlobals) = postSolution
		SolutionGuid = {C3F539AB-6DC9-4132-9607-5FF89DD57989}
	EndGlobalSection
EndGlobal
