
Microsoft Visual Studio Solution File, Format Version 12.00
# Visual Studio Version 17
VisualStudioVersion = 17.3.32922.545
MinimumVisualStudioVersion = 10.0.40219.1
Project("{8BC9CEB8-8B4A-11D0-8D11-00A0C91BC942}") = "Task2", "Task2\Task2.vcxproj", "{66C57886-670D-46C3-A056-E8EEFE5C6080}"
EndProject
Project("{8BC9CEB8-8B4A-11D0-8D11-00A0C91BC942}") = "Task1", "Task1\Task1.vcxproj", "{10ABA13C-E421-4258-8EC2-56578A232404}"
EndProject
Global
	GlobalSection(SolutionConfigurationPlatforms) = preSolution
		Debug|x64 = Debug|x64
		Debug|x86 = Debug|x86
		Release|x64 = Release|x64
		Release|x86 = Release|x86
	EndGlobalSection
	GlobalSection(ProjectConfigurationPlatforms) = postSolution
		{66C57886-670D-46C3-A056-E8EEFE5C6080}.Debug|x64.ActiveCfg = Debug|x64
		{66C57886-670D-46C3-A056-E8EEFE5C6080}.Debug|x64.Build.0 = Debug|x64
		{66C57886-670D-46C3-A056-E8EEFE5C6080}.Debug|x86.ActiveCfg = Debug|Win32
		{66C57886-670D-46C3-A056-E8EEFE5C6080}.Debug|x86.Build.0 = Debug|Win32
		{66C57886-670D-46C3-A056-E8EEFE5C6080}.Release|x64.ActiveCfg = Release|x64
		{66C57886-670D-46C3-A056-E8EEFE5C6080}.Release|x64.Build.0 = Release|x64
		{66C57886-670D-46C3-A056-E8EEFE5C6080}.Release|x86.ActiveCfg = Release|Win32
		{66C57886-670D-46C3-A056-E8EEFE5C6080}.Release|x86.Build.0 = Release|Win32
		{10ABA13C-E421-4258-8EC2-56578A232404}.Debug|x64.ActiveCfg = Debug|x64
		{10ABA13C-E421-4258-8EC2-56578A232404}.Debug|x64.Build.0 = Debug|x64
		{10ABA13C-E421-4258-8EC2-56578A232404}.Debug|x86.ActiveCfg = Debug|Win32
		{10ABA13C-E421-4258-8EC2-56578A232404}.Debug|x86.Build.0 = Debug|Win32
		{10ABA13C-E421-4258-8EC2-56578A232404}.Release|x64.ActiveCfg = Release|x64
		{10ABA13C-E421-4258-8EC2-56578A232404}.Release|x64.Build.0 = Release|x64
		{10ABA13C-E421-4258-8EC2-56578A232404}.Release|x86.ActiveCfg = Release|Win32
		{10ABA13C-E421-4258-8EC2-56578A232404}.Release|x86.Build.0 = Release|Win32
	EndGlobalSection
	GlobalSection(SolutionProperties) = preSolution
		HideSolutionNode = FALSE
	EndGlobalSection
	GlobalSection(ExtensibilityGlobals) = postSolution
		SolutionGuid = {DD921F4F-4C13-47D5-AAAA-45F60853E9FD}
	EndGlobalSection
EndGlobal
